
Microsoft Visual Studio Solution File, Format Version 12.00
# Visual Studio Version 17
VisualStudioVersion = 17.8.34322.80
MinimumVisualStudioVersion = 10.0.40219.1
Project("{FAE04EC0-301F-11D3-BF4B-00C04F79EFBC}") = "WinFormsApp", "WinFormsApp.csproj", "{58E655F6-20A4-46C3-A490-F215DDF2C2F7}"
EndProject
Global
	GlobalSection(SolutionConfigurationPlatforms) = preSolution
		Debug|Any CPU = Debug|Any CPU
		Release|Any CPU = Release|Any CPU
	EndGlobalSection
	GlobalSection(ProjectConfigurationPlatforms) = postSolution
		{58E655F6-20A4-46C3-A490-F215DDF2C2F7}.Debug|Any CPU.ActiveCfg = Debug|Any CPU
		{58E655F6-20A4-46C3-A490-F215DDF2C2F7}.Debug|Any CPU.Build.0 = Debug|Any CPU
		{58E655F6-20A4-46C3-A490-F215DDF2C2F7}.Release|Any CPU.ActiveCfg = Release|Any CPU
		{58E655F6-20A4-46C3-A490-F215DDF2C2F7}.Release|Any CPU.Build.0 = Release|Any CPU
	EndGlobalSection
	GlobalSection(SolutionProperties) = preSolution
		HideSolutionNode = FALSE
	EndGlobalSection
	GlobalSection(ExtensibilityGlobals) = postSolution
		SolutionGuid = {2F47CDB9-2DD9-4B08-BD72-DA86A8DC96A3}
	EndGlobalSection
EndGlobal
